
Microsoft Visual Studio Solution File, Format Version 12.00
# Visual Studio Version 16
VisualStudioVersion = 16.0.31624.102
MinimumVisualStudioVersion = 10.0.40219.1
Project("{FAE04EC0-301F-11D3-BF4B-00C04F79EFBC}") = "simple", "simple\simple.csproj", "{52C72D6D-D0A5-4DED-BDB7-FE77A29C9E1D}"
EndProject
Global
	GlobalSection(SolutionConfigurationPlatforms) = preSolution
		Debug|Any CPU = Debug|Any CPU
		Release|Any CPU = Release|Any CPU
	EndGlobalSection
	GlobalSection(ProjectConfigurationPlatforms) = postSolution
		{52C72D6D-D0A5-4DED-BDB7-FE77A29C9E1D}.Debug|Any CPU.ActiveCfg = Debug|Any CPU
		{52C72D6D-D0A5-4DED-BDB7-FE77A29C9E1D}.Debug|Any CPU.Build.0 = Debug|Any CPU
		{52C72D6D-D0A5-4DED-BDB7-FE77A29C9E1D}.Release|Any CPU.ActiveCfg = Release|Any CPU
		{52C72D6D-D0A5-4DED-BDB7-FE77A29C9E1D}.Release|Any CPU.Build.0 = Release|Any CPU
	EndGlobalSection
	GlobalSection(SolutionProperties) = preSolution
		HideSolutionNode = FALSE
	EndGlobalSection
	GlobalSection(ExtensibilityGlobals) = postSolution
		SolutionGuid = {884A425F-0C72-4903-A211-800F7A2E6AFC}
	EndGlobalSection
EndGlobal
